// !$*UTF8*$!
{
	archiveVersion = 1;
	classes = {
	};
	objectVersion = 56;
	objects = {

/* Begin PBXBuildFile section */
		D83516DE2C38AEF9004C7E37 /* AppDelegate.swift in Sources */ = {isa = PBXBuildFile; fileRef = D83516DD2C38AEF9004C7E37 /* AppDelegate.swift */; };
		D83516E02C38AEF9004C7E37 /* SceneDelegate.swift in Sources */ = {isa = PBXBuildFile; fileRef = D83516DF2C38AEF9004C7E37 /* SceneDelegate.swift */; };
		D83516E22C38AEF9004C7E37 /* RMTabBarController.swift in Sources */ = {isa = PBXBuildFile; fileRef = D83516E12C38AEF9004C7E37 /* RMTabBarController.swift */; };
		D83516E72C38AEFB004C7E37 /* Assets.xcassets in Resources */ = {isa = PBXBuildFile; fileRef = D83516E62C38AEFB004C7E37 /* Assets.xcassets */; };
		D83516EA2C38AEFB004C7E37 /* Base in Resources */ = {isa = PBXBuildFile; fileRef = D83516E92C38AEFB004C7E37 /* Base */; };
		D83516FB2C38B89F004C7E37 /* RMLocation.swift in Sources */ = {isa = PBXBuildFile; fileRef = D83516FA2C38B89F004C7E37 /* RMLocation.swift */; };
		D83516FF2C38B8C2004C7E37 /* RMCharacter.swift in Sources */ = {isa = PBXBuildFile; fileRef = D83516FE2C38B8C2004C7E37 /* RMCharacter.swift */; };
		D83517012C38B8D6004C7E37 /* RMEpisode.swift in Sources */ = {isa = PBXBuildFile; fileRef = D83517002C38B8D6004C7E37 /* RMEpisode.swift */; };
		D83517042C38BA02004C7E37 /* RMCharacterViewController.swift in Sources */ = {isa = PBXBuildFile; fileRef = D83517032C38BA02004C7E37 /* RMCharacterViewController.swift */; };
		D83517062C38BA19004C7E37 /* RMLocationViewController.swift in Sources */ = {isa = PBXBuildFile; fileRef = D83517052C38BA19004C7E37 /* RMLocationViewController.swift */; };
		D83517082C38BA2B004C7E37 /* RMEpisodeViewController.swift in Sources */ = {isa = PBXBuildFile; fileRef = D83517072C38BA2A004C7E37 /* RMEpisodeViewController.swift */; };
		D835170A2C38BA4D004C7E37 /* RMSettingsViewController.swift in Sources */ = {isa = PBXBuildFile; fileRef = D83517092C38BA4D004C7E37 /* RMSettingsViewController.swift */; };
		D835170C2C38D183004C7E37 /* RMService.swift in Sources */ = {isa = PBXBuildFile; fileRef = D835170B2C38D183004C7E37 /* RMService.swift */; };
		D835170E2C38D199004C7E37 /* RMRequest.swift in Sources */ = {isa = PBXBuildFile; fileRef = D835170D2C38D199004C7E37 /* RMRequest.swift */; };
		D83517102C38D96D004C7E37 /* RMEndpoint.swift in Sources */ = {isa = PBXBuildFile; fileRef = D835170F2C38D96D004C7E37 /* RMEndpoint.swift */; };
		D83517122C38E46B004C7E37 /* RMOrigin.swift in Sources */ = {isa = PBXBuildFile; fileRef = D83517112C38E46B004C7E37 /* RMOrigin.swift */; };
		D83517142C38E544004C7E37 /* RMSingleLocation.swift in Sources */ = {isa = PBXBuildFile; fileRef = D83517132C38E544004C7E37 /* RMSingleLocation.swift */; };
		D83517162C38E6F7004C7E37 /* RMCharacterStatus.swift in Sources */ = {isa = PBXBuildFile; fileRef = D83517152C38E6F7004C7E37 /* RMCharacterStatus.swift */; };
		D83517182C38E74D004C7E37 /* RMCharacterGender.swift in Sources */ = {isa = PBXBuildFile; fileRef = D83517172C38E74D004C7E37 /* RMCharacterGender.swift */; };
		D835171C2C399C30004C7E37 /* RMGetAllCharactersResponse.swift in Sources */ = {isa = PBXBuildFile; fileRef = D835171B2C399C30004C7E37 /* RMGetAllCharactersResponse.swift */; };
		D835171E2C39A060004C7E37 /* RMCharacterListViewViewModel.swift in Sources */ = {isa = PBXBuildFile; fileRef = D835171D2C39A060004C7E37 /* RMCharacterListViewViewModel.swift */; };
		D83517202C39A11D004C7E37 /* RMCharacterListView.swift in Sources */ = {isa = PBXBuildFile; fileRef = D835171F2C39A11D004C7E37 /* RMCharacterListView.swift */; };
		D83517222C39A7FF004C7E37 /* Extensions.swift in Sources */ = {isa = PBXBuildFile; fileRef = D83517212C39A7FF004C7E37 /* Extensions.swift */; };
		D83517242C39B45A004C7E37 /* RMCharacterCollectionViewCell.swift in Sources */ = {isa = PBXBuildFile; fileRef = D83517232C39B45A004C7E37 /* RMCharacterCollectionViewCell.swift */; };
		D83517262C39B692004C7E37 /* RMCharacterCollectionViewCellViewModel.swift in Sources */ = {isa = PBXBuildFile; fileRef = D83517252C39B692004C7E37 /* RMCharacterCollectionViewCellViewModel.swift */; };
		D83517292C3C61E0004C7E37 /* RMCharacterDetailViewController.swift in Sources */ = {isa = PBXBuildFile; fileRef = D83517282C3C61E0004C7E37 /* RMCharacterDetailViewController.swift */; };
		D835172B2C3C6391004C7E37 /* RMCharacaterDetailView.swift in Sources */ = {isa = PBXBuildFile; fileRef = D835172A2C3C6391004C7E37 /* RMCharacaterDetailView.swift */; };
		D835172D2C3C63DB004C7E37 /* RMCharacterDetailViewViewModel.swift in Sources */ = {isa = PBXBuildFile; fileRef = D835172C2C3C63DB004C7E37 /* RMCharacterDetailViewViewModel.swift */; };
		D835172F2C3C9989004C7E37 /* RMFooterLoadingCollectionReusableView.swift in Sources */ = {isa = PBXBuildFile; fileRef = D835172E2C3C9989004C7E37 /* RMFooterLoadingCollectionReusableView.swift */; };
/* End PBXBuildFile section */

/* Begin PBXFileReference section */
		D83516DA2C38AEF9004C7E37 /* RickAndMorty.app */ = {isa = PBXFileReference; explicitFileType = wrapper.application; includeInIndex = 0; path = RickAndMorty.app; sourceTree = BUILT_PRODUCTS_DIR; };
		D83516DD2C38AEF9004C7E37 /* AppDelegate.swift */ = {isa = PBXFileReference; lastKnownFileType = sourcecode.swift; path = AppDelegate.swift; sourceTree = "<group>"; };
		D83516DF2C38AEF9004C7E37 /* SceneDelegate.swift */ = {isa = PBXFileReference; lastKnownFileType = sourcecode.swift; path = SceneDelegate.swift; sourceTree = "<group>"; };
		D83516E12C38AEF9004C7E37 /* RMTabBarController.swift */ = {isa = PBXFileReference; lastKnownFileType = sourcecode.swift; path = RMTabBarController.swift; sourceTree = "<group>"; };
		D83516E62C38AEFB004C7E37 /* Assets.xcassets */ = {isa = PBXFileReference; lastKnownFileType = folder.assetcatalog; path = Assets.xcassets; sourceTree = "<group>"; };
		D83516E92C38AEFB004C7E37 /* Base */ = {isa = PBXFileReference; lastKnownFileType = file.storyboard; name = Base; path = Base.lproj/LaunchScreen.storyboard; sourceTree = "<group>"; };
		D83516EB2C38AEFB004C7E37 /* Info.plist */ = {isa = PBXFileReference; lastKnownFileType = text.plist.xml; path = Info.plist; sourceTree = "<group>"; };
		D83516FA2C38B89F004C7E37 /* RMLocation.swift */ = {isa = PBXFileReference; lastKnownFileType = sourcecode.swift; path = RMLocation.swift; sourceTree = "<group>"; };
		D83516FE2C38B8C2004C7E37 /* RMCharacter.swift */ = {isa = PBXFileReference; lastKnownFileType = sourcecode.swift; path = RMCharacter.swift; sourceTree = "<group>"; };
		D83517002C38B8D6004C7E37 /* RMEpisode.swift */ = {isa = PBXFileReference; lastKnownFileType = sourcecode.swift; path = RMEpisode.swift; sourceTree = "<group>"; };
		D83517032C38BA02004C7E37 /* RMCharacterViewController.swift */ = {isa = PBXFileReference; lastKnownFileType = sourcecode.swift; path = RMCharacterViewController.swift; sourceTree = "<group>"; };
		D83517052C38BA19004C7E37 /* RMLocationViewController.swift */ = {isa = PBXFileReference; lastKnownFileType = sourcecode.swift; path = RMLocationViewController.swift; sourceTree = "<group>"; };
		D83517072C38BA2A004C7E37 /* RMEpisodeViewController.swift */ = {isa = PBXFileReference; lastKnownFileType = sourcecode.swift; path = RMEpisodeViewController.swift; sourceTree = "<group>"; };
		D83517092C38BA4D004C7E37 /* RMSettingsViewController.swift */ = {isa = PBXFileReference; lastKnownFileType = sourcecode.swift; path = RMSettingsViewController.swift; sourceTree = "<group>"; };
		D835170B2C38D183004C7E37 /* RMService.swift */ = {isa = PBXFileReference; lastKnownFileType = sourcecode.swift; path = RMService.swift; sourceTree = "<group>"; };
		D835170D2C38D199004C7E37 /* RMRequest.swift */ = {isa = PBXFileReference; lastKnownFileType = sourcecode.swift; path = RMRequest.swift; sourceTree = "<group>"; };
		D835170F2C38D96D004C7E37 /* RMEndpoint.swift */ = {isa = PBXFileReference; lastKnownFileType = sourcecode.swift; path = RMEndpoint.swift; sourceTree = "<group>"; };
		D83517112C38E46B004C7E37 /* RMOrigin.swift */ = {isa = PBXFileReference; lastKnownFileType = sourcecode.swift; path = RMOrigin.swift; sourceTree = "<group>"; };
		D83517132C38E544004C7E37 /* RMSingleLocation.swift */ = {isa = PBXFileReference; lastKnownFileType = sourcecode.swift; path = RMSingleLocation.swift; sourceTree = "<group>"; };
		D83517152C38E6F7004C7E37 /* RMCharacterStatus.swift */ = {isa = PBXFileReference; lastKnownFileType = sourcecode.swift; path = RMCharacterStatus.swift; sourceTree = "<group>"; };
		D83517172C38E74D004C7E37 /* RMCharacterGender.swift */ = {isa = PBXFileReference; lastKnownFileType = sourcecode.swift; path = RMCharacterGender.swift; sourceTree = "<group>"; };
		D835171B2C399C30004C7E37 /* RMGetAllCharactersResponse.swift */ = {isa = PBXFileReference; lastKnownFileType = sourcecode.swift; path = RMGetAllCharactersResponse.swift; sourceTree = "<group>"; };
		D835171D2C39A060004C7E37 /* RMCharacterListViewViewModel.swift */ = {isa = PBXFileReference; lastKnownFileType = sourcecode.swift; path = RMCharacterListViewViewModel.swift; sourceTree = "<group>"; };
		D835171F2C39A11D004C7E37 /* RMCharacterListView.swift */ = {isa = PBXFileReference; lastKnownFileType = sourcecode.swift; path = RMCharacterListView.swift; sourceTree = "<group>"; };
		D83517212C39A7FF004C7E37 /* Extensions.swift */ = {isa = PBXFileReference; lastKnownFileType = sourcecode.swift; path = Extensions.swift; sourceTree = "<group>"; };
		D83517232C39B45A004C7E37 /* RMCharacterCollectionViewCell.swift */ = {isa = PBXFileReference; lastKnownFileType = sourcecode.swift; path = RMCharacterCollectionViewCell.swift; sourceTree = "<group>"; };
		D83517252C39B692004C7E37 /* RMCharacterCollectionViewCellViewModel.swift */ = {isa = PBXFileReference; lastKnownFileType = sourcecode.swift; path = RMCharacterCollectionViewCellViewModel.swift; sourceTree = "<group>"; };
		D83517282C3C61E0004C7E37 /* RMCharacterDetailViewController.swift */ = {isa = PBXFileReference; lastKnownFileType = sourcecode.swift; path = RMCharacterDetailViewController.swift; sourceTree = "<group>"; };
		D835172A2C3C6391004C7E37 /* RMCharacaterDetailView.swift */ = {isa = PBXFileReference; lastKnownFileType = sourcecode.swift; path = RMCharacaterDetailView.swift; sourceTree = "<group>"; };
		D835172C2C3C63DB004C7E37 /* RMCharacterDetailViewViewModel.swift */ = {isa = PBXFileReference; lastKnownFileType = sourcecode.swift; path = RMCharacterDetailViewViewModel.swift; sourceTree = "<group>"; };
		D835172E2C3C9989004C7E37 /* RMFooterLoadingCollectionReusableView.swift */ = {isa = PBXFileReference; lastKnownFileType = sourcecode.swift; path = RMFooterLoadingCollectionReusableView.swift; sourceTree = "<group>"; };
/* End PBXFileReference section */

/* Begin PBXFrameworksBuildPhase section */
		D83516D72C38AEF9004C7E37 /* Frameworks */ = {
			isa = PBXFrameworksBuildPhase;
			buildActionMask = 2147483647;
			files = (
			);
			runOnlyForDeploymentPostprocessing = 0;
		};
/* End PBXFrameworksBuildPhase section */

/* Begin PBXGroup section */
		D83516D12C38AEF9004C7E37 = {
			isa = PBXGroup;
			children = (
				D83516DC2C38AEF9004C7E37 /* RickAndMorty */,
				D83516DB2C38AEF9004C7E37 /* Products */,
			);
			sourceTree = "<group>";
		};
		D83516DB2C38AEF9004C7E37 /* Products */ = {
			isa = PBXGroup;
			children = (
				D83516DA2C38AEF9004C7E37 /* RickAndMorty.app */,
			);
			name = Products;
			sourceTree = "<group>";
		};
		D83516DC2C38AEF9004C7E37 /* RickAndMorty */ = {
			isa = PBXGroup;
			children = (
				D83516F92C38B7BD004C7E37 /* Resources */,
				D83516F82C38B7B1004C7E37 /* Managers */,
				D83516F72C38B7A2004C7E37 /* API */,
				D83516F62C38B772004C7E37 /* ViewModels */,
				D83516F42C38B752004C7E37 /* Views */,
				D83516F32C38B74C004C7E37 /* Models */,
				D83516F52C38B769004C7E37 /* Controllers */,
				D83516EB2C38AEFB004C7E37 /* Info.plist */,
			);
			path = RickAndMorty;
			sourceTree = "<group>";
		};
		D83516F32C38B74C004C7E37 /* Models */ = {
			isa = PBXGroup;
			children = (
				D835171A2C399BD4004C7E37 /* APIResponseTypes */,
				D83517192C399BA2004C7E37 /* DataTypes */,
			);
			path = Models;
			sourceTree = "<group>";
		};
		D83516F42C38B752004C7E37 /* Views */ = {
			isa = PBXGroup;
			children = (
				D835171F2C39A11D004C7E37 /* RMCharacterListView.swift */,
				D83517232C39B45A004C7E37 /* RMCharacterCollectionViewCell.swift */,
				D835172A2C3C6391004C7E37 /* RMCharacaterDetailView.swift */,
				D835172E2C3C9989004C7E37 /* RMFooterLoadingCollectionReusableView.swift */,
			);
			path = Views;
			sourceTree = "<group>";
		};
		D83516F52C38B769004C7E37 /* Controllers */ = {
			isa = PBXGroup;
			children = (
				D83517272C3C6182004C7E37 /* Other */,
				D83517022C38B98B004C7E37 /* Core */,
			);
			path = Controllers;
			sourceTree = "<group>";
		};
		D83516F62C38B772004C7E37 /* ViewModels */ = {
			isa = PBXGroup;
			children = (
				D835171D2C39A060004C7E37 /* RMCharacterListViewViewModel.swift */,
				D83517252C39B692004C7E37 /* RMCharacterCollectionViewCellViewModel.swift */,
				D835172C2C3C63DB004C7E37 /* RMCharacterDetailViewViewModel.swift */,
			);
			path = ViewModels;
			sourceTree = "<group>";
		};
		D83516F72C38B7A2004C7E37 /* API */ = {
			isa = PBXGroup;
			children = (
				D835170B2C38D183004C7E37 /* RMService.swift */,
				D835170D2C38D199004C7E37 /* RMRequest.swift */,
				D835170F2C38D96D004C7E37 /* RMEndpoint.swift */,
			);
			path = API;
			sourceTree = "<group>";
		};
		D83516F82C38B7B1004C7E37 /* Managers */ = {
			isa = PBXGroup;
			children = (
			);
			path = Managers;
			sourceTree = "<group>";
		};
		D83516F92C38B7BD004C7E37 /* Resources */ = {
			isa = PBXGroup;
			children = (
				D83516DD2C38AEF9004C7E37 /* AppDelegate.swift */,
				D83516DF2C38AEF9004C7E37 /* SceneDelegate.swift */,
				D83516E62C38AEFB004C7E37 /* Assets.xcassets */,
				D83516E82C38AEFB004C7E37 /* LaunchScreen.storyboard */,
				D83517212C39A7FF004C7E37 /* Extensions.swift */,
			);
			path = Resources;
			sourceTree = "<group>";
		};
		D83517022C38B98B004C7E37 /* Core */ = {
			isa = PBXGroup;
			children = (
				D83516E12C38AEF9004C7E37 /* RMTabBarController.swift */,
				D83517032C38BA02004C7E37 /* RMCharacterViewController.swift */,
				D83517052C38BA19004C7E37 /* RMLocationViewController.swift */,
				D83517072C38BA2A004C7E37 /* RMEpisodeViewController.swift */,
				D83517092C38BA4D004C7E37 /* RMSettingsViewController.swift */,
			);
			path = Core;
			sourceTree = "<group>";
		};
		D83517192C399BA2004C7E37 /* DataTypes */ = {
			isa = PBXGroup;
			children = (
				D83516FA2C38B89F004C7E37 /* RMLocation.swift */,
				D83516FE2C38B8C2004C7E37 /* RMCharacter.swift */,
				D83517002C38B8D6004C7E37 /* RMEpisode.swift */,
				D83517112C38E46B004C7E37 /* RMOrigin.swift */,
				D83517132C38E544004C7E37 /* RMSingleLocation.swift */,
				D83517152C38E6F7004C7E37 /* RMCharacterStatus.swift */,
				D83517172C38E74D004C7E37 /* RMCharacterGender.swift */,
			);
			path = DataTypes;
			sourceTree = "<group>";
		};
		D835171A2C399BD4004C7E37 /* APIResponseTypes */ = {
			isa = PBXGroup;
			children = (
				D835171B2C399C30004C7E37 /* RMGetAllCharactersResponse.swift */,
			);
			path = APIResponseTypes;
			sourceTree = "<group>";
		};
		D83517272C3C6182004C7E37 /* Other */ = {
			isa = PBXGroup;
			children = (
				D83517282C3C61E0004C7E37 /* RMCharacterDetailViewController.swift */,
			);
			path = Other;
			sourceTree = "<group>";
		};
/* End PBXGroup section */

/* Begin PBXNativeTarget section */
		D83516D92C38AEF9004C7E37 /* RickAndMorty */ = {
			isa = PBXNativeTarget;
			buildConfigurationList = D83516EE2C38AEFB004C7E37 /* Build configuration list for PBXNativeTarget "RickAndMorty" */;
			buildPhases = (
				D83516D62C38AEF9004C7E37 /* Sources */,
				D83516D72C38AEF9004C7E37 /* Frameworks */,
				D83516D82C38AEF9004C7E37 /* Resources */,
			);
			buildRules = (
			);
			dependencies = (
			);
			name = RickAndMorty;
			productName = RickAndMorty;
			productReference = D83516DA2C38AEF9004C7E37 /* RickAndMorty.app */;
			productType = "com.apple.product-type.application";
		};
/* End PBXNativeTarget section */

/* Begin PBXProject section */
		D83516D22C38AEF9004C7E37 /* Project object */ = {
			isa = PBXProject;
			attributes = {
				BuildIndependentTargetsInParallel = 1;
				LastSwiftUpdateCheck = 1530;
				LastUpgradeCheck = 1530;
				TargetAttributes = {
					D83516D92C38AEF9004C7E37 = {
						CreatedOnToolsVersion = 15.3;
					};
				};
			};
			buildConfigurationList = D83516D52C38AEF9004C7E37 /* Build configuration list for PBXProject "RickAndMorty" */;
			compatibilityVersion = "Xcode 14.0";
			developmentRegion = en;
			hasScannedForEncodings = 0;
			knownRegions = (
				en,
				Base,
			);
			mainGroup = D83516D12C38AEF9004C7E37;
			productRefGroup = D83516DB2C38AEF9004C7E37 /* Products */;
			projectDirPath = "";
			projectRoot = "";
			targets = (
				D83516D92C38AEF9004C7E37 /* RickAndMorty */,
			);
		};
/* End PBXProject section */

/* Begin PBXResourcesBuildPhase section */
		D83516D82C38AEF9004C7E37 /* Resources */ = {
			isa = PBXResourcesBuildPhase;
			buildActionMask = 2147483647;
			files = (
				D83516E72C38AEFB004C7E37 /* Assets.xcassets in Resources */,
				D83516EA2C38AEFB004C7E37 /* Base in Resources */,
			);
			runOnlyForDeploymentPostprocessing = 0;
		};
/* End PBXResourcesBuildPhase section */

/* Begin PBXSourcesBuildPhase section */
		D83516D62C38AEF9004C7E37 /* Sources */ = {
			isa = PBXSourcesBuildPhase;
			buildActionMask = 2147483647;
			files = (
				D83517122C38E46B004C7E37 /* RMOrigin.swift in Sources */,
				D835172D2C3C63DB004C7E37 /* RMCharacterDetailViewViewModel.swift in Sources */,
				D83517142C38E544004C7E37 /* RMSingleLocation.swift in Sources */,
				D835171C2C399C30004C7E37 /* RMGetAllCharactersResponse.swift in Sources */,
				D83517242C39B45A004C7E37 /* RMCharacterCollectionViewCell.swift in Sources */,
				D83517162C38E6F7004C7E37 /* RMCharacterStatus.swift in Sources */,
				D83517202C39A11D004C7E37 /* RMCharacterListView.swift in Sources */,
				D83517182C38E74D004C7E37 /* RMCharacterGender.swift in Sources */,
				D835172F2C3C9989004C7E37 /* RMFooterLoadingCollectionReusableView.swift in Sources */,
				D83516E22C38AEF9004C7E37 /* RMTabBarController.swift in Sources */,
				D83517292C3C61E0004C7E37 /* RMCharacterDetailViewController.swift in Sources */,
				D835170E2C38D199004C7E37 /* RMRequest.swift in Sources */,
				D83517262C39B692004C7E37 /* RMCharacterCollectionViewCellViewModel.swift in Sources */,
				D83517082C38BA2B004C7E37 /* RMEpisodeViewController.swift in Sources */,
				D835172B2C3C6391004C7E37 /* RMCharacaterDetailView.swift in Sources */,
				D83517012C38B8D6004C7E37 /* RMEpisode.swift in Sources */,
				D835170A2C38BA4D004C7E37 /* RMSettingsViewController.swift in Sources */,
				D83517042C38BA02004C7E37 /* RMCharacterViewController.swift in Sources */,
				D83516DE2C38AEF9004C7E37 /* AppDelegate.swift in Sources */,
				D83517222C39A7FF004C7E37 /* Extensions.swift in Sources */,
				D83516FF2C38B8C2004C7E37 /* RMCharacter.swift in Sources */,
				D83516FB2C38B89F004C7E37 /* RMLocation.swift in Sources */,
				D83517102C38D96D004C7E37 /* RMEndpoint.swift in Sources */,
				D835170C2C38D183004C7E37 /* RMService.swift in Sources */,
				D83516E02C38AEF9004C7E37 /* SceneDelegate.swift in Sources */,
				D835171E2C39A060004C7E37 /* RMCharacterListViewViewModel.swift in Sources */,
				D83517062C38BA19004C7E37 /* RMLocationViewController.swift in Sources */,
			);
			runOnlyForDeploymentPostprocessing = 0;
		};
/* End PBXSourcesBuildPhase section */

/* Begin PBXVariantGroup section */
		D83516E82C38AEFB004C7E37 /* LaunchScreen.storyboard */ = {
			isa = PBXVariantGroup;
			children = (
				D83516E92C38AEFB004C7E37 /* Base */,
			);
			name = LaunchScreen.storyboard;
			sourceTree = "<group>";
		};
/* End PBXVariantGroup section */

/* Begin XCBuildConfiguration section */
		D83516EC2C38AEFB004C7E37 /* Debug */ = {
			isa = XCBuildConfiguration;
			buildSettings = {
				ALWAYS_SEARCH_USER_PATHS = NO;
				ASSETCATALOG_COMPILER_GENERATE_SWIFT_ASSET_SYMBOL_EXTENSIONS = YES;
				CLANG_ANALYZER_NONNULL = YES;
				CLANG_ANALYZER_NUMBER_OBJECT_CONVERSION = YES_AGGRESSIVE;
				CLANG_CXX_LANGUAGE_STANDARD = "gnu++20";
				CLANG_ENABLE_MODULES = YES;
				CLANG_ENABLE_OBJC_ARC = YES;
				CLANG_ENABLE_OBJC_WEAK = YES;
				CLANG_WARN_BLOCK_CAPTURE_AUTORELEASING = YES;
				CLANG_WARN_BOOL_CONVERSION = YES;
				CLANG_WARN_COMMA = YES;
				CLANG_WARN_CONSTANT_CONVERSION = YES;
				CLANG_WARN_DEPRECATED_OBJC_IMPLEMENTATIONS = YES;
				CLANG_WARN_DIRECT_OBJC_ISA_USAGE = YES_ERROR;
				CLANG_WARN_DOCUMENTATION_COMMENTS = YES;
				CLANG_WARN_EMPTY_BODY = YES;
				CLANG_WARN_ENUM_CONVERSION = YES;
				CLANG_WARN_INFINITE_RECURSION = YES;
				CLANG_WARN_INT_CONVERSION = YES;
				CLANG_WARN_NON_LITERAL_NULL_CONVERSION = YES;
				CLANG_WARN_OBJC_IMPLICIT_RETAIN_SELF = YES;
				CLANG_WARN_OBJC_LITERAL_CONVERSION = YES;
				CLANG_WARN_OBJC_ROOT_CLASS = YES_ERROR;
				CLANG_WARN_QUOTED_INCLUDE_IN_FRAMEWORK_HEADER = YES;
				CLANG_WARN_RANGE_LOOP_ANALYSIS = YES;
				CLANG_WARN_STRICT_PROTOTYPES = YES;
				CLANG_WARN_SUSPICIOUS_MOVE = YES;
				CLANG_WARN_UNGUARDED_AVAILABILITY = YES_AGGRESSIVE;
				CLANG_WARN_UNREACHABLE_CODE = YES;
				CLANG_WARN__DUPLICATE_METHOD_MATCH = YES;
				COPY_PHASE_STRIP = NO;
				DEBUG_INFORMATION_FORMAT = dwarf;
				ENABLE_STRICT_OBJC_MSGSEND = YES;
				ENABLE_TESTABILITY = YES;
				ENABLE_USER_SCRIPT_SANDBOXING = YES;
				GCC_C_LANGUAGE_STANDARD = gnu17;
				GCC_DYNAMIC_NO_PIC = NO;
				GCC_NO_COMMON_BLOCKS = YES;
				GCC_OPTIMIZATION_LEVEL = 0;
				GCC_PREPROCESSOR_DEFINITIONS = (
					"DEBUG=1",
					"$(inherited)",
				);
				GCC_WARN_64_TO_32_BIT_CONVERSION = YES;
				GCC_WARN_ABOUT_RETURN_TYPE = YES_ERROR;
				GCC_WARN_UNDECLARED_SELECTOR = YES;
				GCC_WARN_UNINITIALIZED_AUTOS = YES_AGGRESSIVE;
				GCC_WARN_UNUSED_FUNCTION = YES;
				GCC_WARN_UNUSED_VARIABLE = YES;
				IPHONEOS_DEPLOYMENT_TARGET = 17.4;
				LOCALIZATION_PREFERS_STRING_CATALOGS = YES;
				MTL_ENABLE_DEBUG_INFO = INCLUDE_SOURCE;
				MTL_FAST_MATH = YES;
				ONLY_ACTIVE_ARCH = YES;
				SDKROOT = iphoneos;
				SWIFT_ACTIVE_COMPILATION_CONDITIONS = "DEBUG $(inherited)";
				SWIFT_OPTIMIZATION_LEVEL = "-Onone";
			};
			name = Debug;
		};
		D83516ED2C38AEFB004C7E37 /* Release */ = {
			isa = XCBuildConfiguration;
			buildSettings = {
				ALWAYS_SEARCH_USER_PATHS = NO;
				ASSETCATALOG_COMPILER_GENERATE_SWIFT_ASSET_SYMBOL_EXTENSIONS = YES;
				CLANG_ANALYZER_NONNULL = YES;
				CLANG_ANALYZER_NUMBER_OBJECT_CONVERSION = YES_AGGRESSIVE;
				CLANG_CXX_LANGUAGE_STANDARD = "gnu++20";
				CLANG_ENABLE_MODULES = YES;
				CLANG_ENABLE_OBJC_ARC = YES;
				CLANG_ENABLE_OBJC_WEAK = YES;
				CLANG_WARN_BLOCK_CAPTURE_AUTORELEASING = YES;
				CLANG_WARN_BOOL_CONVERSION = YES;
				CLANG_WARN_COMMA = YES;
				CLANG_WARN_CONSTANT_CONVERSION = YES;
				CLANG_WARN_DEPRECATED_OBJC_IMPLEMENTATIONS = YES;
				CLANG_WARN_DIRECT_OBJC_ISA_USAGE = YES_ERROR;
				CLANG_WARN_DOCUMENTATION_COMMENTS = YES;
				CLANG_WARN_EMPTY_BODY = YES;
				CLANG_WARN_ENUM_CONVERSION = YES;
				CLANG_WARN_INFINITE_RECURSION = YES;
				CLANG_WARN_INT_CONVERSION = YES;
				CLANG_WARN_NON_LITERAL_NULL_CONVERSION = YES;
				CLANG_WARN_OBJC_IMPLICIT_RETAIN_SELF = YES;
				CLANG_WARN_OBJC_LITERAL_CONVERSION = YES;
				CLANG_WARN_OBJC_ROOT_CLASS = YES_ERROR;
				CLANG_WARN_QUOTED_INCLUDE_IN_FRAMEWORK_HEADER = YES;
				CLANG_WARN_RANGE_LOOP_ANALYSIS = YES;
				CLANG_WARN_STRICT_PROTOTYPES = YES;
				CLANG_WARN_SUSPICIOUS_MOVE = YES;
				CLANG_WARN_UNGUARDED_AVAILABILITY = YES_AGGRESSIVE;
				CLANG_WARN_UNREACHABLE_CODE = YES;
				CLANG_WARN__DUPLICATE_METHOD_MATCH = YES;
				COPY_PHASE_STRIP = NO;
				DEBUG_INFORMATION_FORMAT = "dwarf-with-dsym";
				ENABLE_NS_ASSERTIONS = NO;
				ENABLE_STRICT_OBJC_MSGSEND = YES;
				ENABLE_USER_SCRIPT_SANDBOXING = YES;
				GCC_C_LANGUAGE_STANDARD = gnu17;
				GCC_NO_COMMON_BLOCKS = YES;
				GCC_WARN_64_TO_32_BIT_CONVERSION = YES;
				GCC_WARN_ABOUT_RETURN_TYPE = YES_ERROR;
				GCC_WARN_UNDECLARED_SELECTOR = YES;
				GCC_WARN_UNINITIALIZED_AUTOS = YES_AGGRESSIVE;
				GCC_WARN_UNUSED_FUNCTION = YES;
				GCC_WARN_UNUSED_VARIABLE = YES;
				IPHONEOS_DEPLOYMENT_TARGET = 17.4;
				LOCALIZATION_PREFERS_STRING_CATALOGS = YES;
				MTL_ENABLE_DEBUG_INFO = NO;
				MTL_FAST_MATH = YES;
				SDKROOT = iphoneos;
				SWIFT_COMPILATION_MODE = wholemodule;
				VALIDATE_PRODUCT = YES;
			};
			name = Release;
		};
		D83516EF2C38AEFB004C7E37 /* Debug */ = {
			isa = XCBuildConfiguration;
			buildSettings = {
				ASSETCATALOG_COMPILER_APPICON_NAME = AppIcon;
				ASSETCATALOG_COMPILER_GLOBAL_ACCENT_COLOR_NAME = AccentColor;
				CODE_SIGN_STYLE = Automatic;
				CURRENT_PROJECT_VERSION = 1;
				DEVELOPMENT_TEAM = Y5NP32245S;
				GENERATE_INFOPLIST_FILE = YES;
				INFOPLIST_FILE = RickAndMorty/Info.plist;
				INFOPLIST_KEY_UIApplicationSupportsIndirectInputEvents = YES;
				INFOPLIST_KEY_UILaunchStoryboardName = LaunchScreen;
				INFOPLIST_KEY_UISupportedInterfaceOrientations_iPad = "UIInterfaceOrientationPortrait UIInterfaceOrientationPortraitUpsideDown UIInterfaceOrientationLandscapeLeft UIInterfaceOrientationLandscapeRight";
				INFOPLIST_KEY_UISupportedInterfaceOrientations_iPhone = "UIInterfaceOrientationPortrait UIInterfaceOrientationLandscapeLeft UIInterfaceOrientationLandscapeRight";
				IPHONEOS_DEPLOYMENT_TARGET = 14.2;
				LD_RUNPATH_SEARCH_PATHS = (
					"$(inherited)",
					"@executable_path/Frameworks",
				);
				MARKETING_VERSION = 1.0;
				PRODUCT_BUNDLE_IDENTIFIER = com.carlos.RickAndMorty;
				PRODUCT_NAME = "$(TARGET_NAME)";
				SWIFT_EMIT_LOC_STRINGS = YES;
				SWIFT_VERSION = 5.0;
				TARGETED_DEVICE_FAMILY = "1,2";
			};
			name = Debug;
		};
		D83516F02C38AEFB004C7E37 /* Release */ = {
			isa = XCBuildConfiguration;
			buildSettings = {
				ASSETCATALOG_COMPILER_APPICON_NAME = AppIcon;
				ASSETCATALOG_COMPILER_GLOBAL_ACCENT_COLOR_NAME = AccentColor;
				CODE_SIGN_STYLE = Automatic;
				CURRENT_PROJECT_VERSION = 1;
				DEVELOPMENT_TEAM = Y5NP32245S;
				GENERATE_INFOPLIST_FILE = YES;
				INFOPLIST_FILE = RickAndMorty/Info.plist;
				INFOPLIST_KEY_UIApplicationSupportsIndirectInputEvents = YES;
				INFOPLIST_KEY_UILaunchStoryboardName = LaunchScreen;
				INFOPLIST_KEY_UISupportedInterfaceOrientations_iPad = "UIInterfaceOrientationPortrait UIInterfaceOrientationPortraitUpsideDown UIInterfaceOrientationLandscapeLeft UIInterfaceOrientationLandscapeRight";
				INFOPLIST_KEY_UISupportedInterfaceOrientations_iPhone = "UIInterfaceOrientationPortrait UIInterfaceOrientationLandscapeLeft UIInterfaceOrientationLandscapeRight";
				IPHONEOS_DEPLOYMENT_TARGET = 14.2;
				LD_RUNPATH_SEARCH_PATHS = (
					"$(inherited)",
					"@executable_path/Frameworks",
				);
				MARKETING_VERSION = 1.0;
				PRODUCT_BUNDLE_IDENTIFIER = com.carlos.RickAndMorty;
				PRODUCT_NAME = "$(TARGET_NAME)";
				SWIFT_EMIT_LOC_STRINGS = YES;
				SWIFT_VERSION = 5.0;
				TARGETED_DEVICE_FAMILY = "1,2";
			};
			name = Release;
		};
/* End XCBuildConfiguration section */

/* Begin XCConfigurationList section */
		D83516D52C38AEF9004C7E37 /* Build configuration list for PBXProject "RickAndMorty" */ = {
			isa = XCConfigurationList;
			buildConfigurations = (
				D83516EC2C38AEFB004C7E37 /* Debug */,
				D83516ED2C38AEFB004C7E37 /* Release */,
			);
			defaultConfigurationIsVisible = 0;
			defaultConfigurationName = Release;
		};
		D83516EE2C38AEFB004C7E37 /* Build configuration list for PBXNativeTarget "RickAndMorty" */ = {
			isa = XCConfigurationList;
			buildConfigurations = (
				D83516EF2C38AEFB004C7E37 /* Debug */,
				D83516F02C38AEFB004C7E37 /* Release */,
			);
			defaultConfigurationIsVisible = 0;
			defaultConfigurationName = Release;
		};
/* End XCConfigurationList section */
	};
	rootObject = D83516D22C38AEF9004C7E37 /* Project object */;
}
